// !$*UTF8*$!
{
	archiveVersion = 1;
	classes = {
	};
	objectVersion = 48;
	objects = {

/* Begin PBXBuildFile section */
		49569A941FAA689C0014BE07 /* AppDelegate.swift in Sources */ = {isa = PBXBuildFile; fileRef = 49569A931FAA689C0014BE07 /* AppDelegate.swift */; };
		49569A991FAA689D0014BE07 /* Main.storyboard in Resources */ = {isa = PBXBuildFile; fileRef = 49569A971FAA689D0014BE07 /* Main.storyboard */; };
		49569A9B1FAA689D0014BE07 /* Assets.xcassets in Resources */ = {isa = PBXBuildFile; fileRef = 49569A9A1FAA689D0014BE07 /* Assets.xcassets */; };
		49569A9E1FAA689D0014BE07 /* LaunchScreen.storyboard in Resources */ = {isa = PBXBuildFile; fileRef = 49569A9C1FAA689D0014BE07 /* LaunchScreen.storyboard */; };
		49569AB01FAA72170014BE07 /* AnimalsDetailsVC.swift in Sources */ = {isa = PBXBuildFile; fileRef = 49569AAF1FAA72170014BE07 /* AnimalsDetailsVC.swift */; };
		49765A641FAB65D100F7930B /* AnimalsListVC.swift in Sources */ = {isa = PBXBuildFile; fileRef = 49765A631FAB65D100F7930B /* AnimalsListVC.swift */; };
		49CEC4381FAA8912009F3493 /* Animal.swift in Sources */ = {isa = PBXBuildFile; fileRef = 49CEC4371FAA8912009F3493 /* Animal.swift */; };
		49CEC43A1FAA892B009F3493 /* AnimalType.swift in Sources */ = {isa = PBXBuildFile; fileRef = 49CEC4391FAA892B009F3493 /* AnimalType.swift */; };
		49CEC43F1FAA8F01009F3493 /* AnimalCell.swift in Sources */ = {isa = PBXBuildFile; fileRef = 49CEC43E1FAA8F01009F3493 /* AnimalCell.swift */; };
/* End PBXBuildFile section */

/* Begin PBXFileReference section */
		49569A901FAA689C0014BE07 /* InTheAnimalWorld.app */ = {isa = PBXFileReference; explicitFileType = wrapper.application; includeInIndex = 0; path = InTheAnimalWorld.app; sourceTree = BUILT_PRODUCTS_DIR; };
		49569A931FAA689C0014BE07 /* AppDelegate.swift */ = {isa = PBXFileReference; lastKnownFileType = sourcecode.swift; path = AppDelegate.swift; sourceTree = "<group>"; };
		49569A981FAA689D0014BE07 /* Base */ = {isa = PBXFileReference; lastKnownFileType = file.storyboard; name = Base; path = Base.lproj/Main.storyboard; sourceTree = "<group>"; };
		49569A9A1FAA689D0014BE07 /* Assets.xcassets */ = {isa = PBXFileReference; lastKnownFileType = folder.assetcatalog; path = Assets.xcassets; sourceTree = "<group>"; };
		49569A9D1FAA689D0014BE07 /* Base */ = {isa = PBXFileReference; lastKnownFileType = file.storyboard; name = Base; path = Base.lproj/LaunchScreen.storyboard; sourceTree = "<group>"; };
		49569A9F1FAA689D0014BE07 /* Info.plist */ = {isa = PBXFileReference; lastKnownFileType = text.plist.xml; path = Info.plist; sourceTree = "<group>"; };
		49569AAF1FAA72170014BE07 /* AnimalsDetailsVC.swift */ = {isa = PBXFileReference; lastKnownFileType = sourcecode.swift; path = AnimalsDetailsVC.swift; sourceTree = "<group>"; };
		49765A631FAB65D100F7930B /* AnimalsListVC.swift */ = {isa = PBXFileReference; fileEncoding = 4; lastKnownFileType = sourcecode.swift; path = AnimalsListVC.swift; sourceTree = "<group>"; };
		49CEC4371FAA8912009F3493 /* Animal.swift */ = {isa = PBXFileReference; lastKnownFileType = sourcecode.swift; path = Animal.swift; sourceTree = "<group>"; };
		49CEC4391FAA892B009F3493 /* AnimalType.swift */ = {isa = PBXFileReference; lastKnownFileType = sourcecode.swift; path = AnimalType.swift; sourceTree = "<group>"; };
		49CEC43E1FAA8F01009F3493 /* AnimalCell.swift */ = {isa = PBXFileReference; lastKnownFileType = sourcecode.swift; path = AnimalCell.swift; sourceTree = "<group>"; };
/* End PBXFileReference section */

/* Begin PBXFrameworksBuildPhase section */
		49569A8D1FAA689C0014BE07 /* Frameworks */ = {
			isa = PBXFrameworksBuildPhase;
			buildActionMask = 2147483647;
			files = (
			);
			runOnlyForDeploymentPostprocessing = 0;
		};
/* End PBXFrameworksBuildPhase section */

/* Begin PBXGroup section */
		49569A871FAA689C0014BE07 = {
			isa = PBXGroup;
			children = (
				49569A921FAA689C0014BE07 /* InTheAnimalWorld */,
				49569A911FAA689C0014BE07 /* Products */,
			);
			sourceTree = "<group>";
		};
		49569A911FAA689C0014BE07 /* Products */ = {
			isa = PBXGroup;
			children = (
				49569A901FAA689C0014BE07 /* InTheAnimalWorld.app */,
			);
			name = Products;
			sourceTree = "<group>";
		};
		49569A921FAA689C0014BE07 /* InTheAnimalWorld */ = {
			isa = PBXGroup;
			children = (
				49CEC43B1FAA8E2D009F3493 /* Views */,
				49CEC4341FAA884D009F3493 /* Models */,
				49569AA91FAA703B0014BE07 /* ViewControllers */,
				49569AAA1FAA70AB0014BE07 /* SupportFiles */,
			);
			path = InTheAnimalWorld;
			sourceTree = "<group>";
		};
		49569AA91FAA703B0014BE07 /* ViewControllers */ = {
			isa = PBXGroup;
			children = (
				49765A631FAB65D100F7930B /* AnimalsListVC.swift */,
				49569AAF1FAA72170014BE07 /* AnimalsDetailsVC.swift */,
				49569A971FAA689D0014BE07 /* Main.storyboard */,
			);
			path = ViewControllers;
			sourceTree = "<group>";
		};
		49569AAA1FAA70AB0014BE07 /* SupportFiles */ = {
			isa = PBXGroup;
			children = (
				49569A931FAA689C0014BE07 /* AppDelegate.swift */,
				49569A9A1FAA689D0014BE07 /* Assets.xcassets */,
				49569A9C1FAA689D0014BE07 /* LaunchScreen.storyboard */,
				49569A9F1FAA689D0014BE07 /* Info.plist */,
			);
			name = SupportFiles;
			sourceTree = "<group>";
		};
		49CEC4341FAA884D009F3493 /* Models */ = {
			isa = PBXGroup;
			children = (
				49CEC4371FAA8912009F3493 /* Animal.swift */,
				49CEC4391FAA892B009F3493 /* AnimalType.swift */,
			);
			path = Models;
			sourceTree = "<group>";
		};
		49CEC43B1FAA8E2D009F3493 /* Views */ = {
			isa = PBXGroup;
			children = (
				49CEC43E1FAA8F01009F3493 /* AnimalCell.swift */,
			);
			path = Views;
			sourceTree = "<group>";
		};
/* End PBXGroup section */

/* Begin PBXNativeTarget section */
		49569A8F1FAA689C0014BE07 /* InTheAnimalWorld */ = {
			isa = PBXNativeTarget;
			buildConfigurationList = 49569AA21FAA689D0014BE07 /* Build configuration list for PBXNativeTarget "InTheAnimalWorld" */;
			buildPhases = (
				49569A8C1FAA689C0014BE07 /* Sources */,
				49569A8D1FAA689C0014BE07 /* Frameworks */,
				49569A8E1FAA689C0014BE07 /* Resources */,
			);
			buildRules = (
			);
			dependencies = (
			);
			name = InTheAnimalWorld;
			productName = InTheAnimalWorld;
			productReference = 49569A901FAA689C0014BE07 /* InTheAnimalWorld.app */;
			productType = "com.apple.product-type.application";
		};
/* End PBXNativeTarget section */

/* Begin PBXProject section */
		49569A881FAA689C0014BE07 /* Project object */ = {
			isa = PBXProject;
			attributes = {
				LastSwiftUpdateCheck = 0900;
				LastUpgradeCheck = 0900;
				ORGANIZATIONNAME = "Sergey Gaponov";
				TargetAttributes = {
					49569A8F1FAA689C0014BE07 = {
						CreatedOnToolsVersion = 9.0;
						ProvisioningStyle = Automatic;
					};
				};
			};
			buildConfigurationList = 49569A8B1FAA689C0014BE07 /* Build configuration list for PBXProject "InTheAnimalWorld" */;
			compatibilityVersion = "Xcode 8.0";
			developmentRegion = en;
			hasScannedForEncodings = 0;
			knownRegions = (
				en,
				Base,
			);
			mainGroup = 49569A871FAA689C0014BE07;
			productRefGroup = 49569A911FAA689C0014BE07 /* Products */;
			projectDirPath = "";
			projectRoot = "";
			targets = (
				49569A8F1FAA689C0014BE07 /* InTheAnimalWorld */,
			);
		};
/* End PBXProject section */

/* Begin PBXResourcesBuildPhase section */
		49569A8E1FAA689C0014BE07 /* Resources */ = {
			isa = PBXResourcesBuildPhase;
			buildActionMask = 2147483647;
			files = (
				49569A9E1FAA689D0014BE07 /* LaunchScreen.storyboard in Resources */,
				49569A9B1FAA689D0014BE07 /* Assets.xcassets in Resources */,
				49569A991FAA689D0014BE07 /* Main.storyboard in Resources */,
			);
			runOnlyForDeploymentPostprocessing = 0;
		};
/* End PBXResourcesBuildPhase section */

/* Begin PBXSourcesBuildPhase section */
		49569A8C1FAA689C0014BE07 /* Sources */ = {
			isa = PBXSourcesBuildPhase;
			buildActionMask = 2147483647;
			files = (
				49569AB01FAA72170014BE07 /* AnimalsDetailsVC.swift in Sources */,
				49CEC43F1FAA8F01009F3493 /* AnimalCell.swift in Sources */,
				49765A641FAB65D100F7930B /* AnimalsListVC.swift in Sources */,
				49CEC4381FAA8912009F3493 /* Animal.swift in Sources */,
				49CEC43A1FAA892B009F3493 /* AnimalType.swift in Sources */,
				49569A941FAA689C0014BE07 /* AppDelegate.swift in Sources */,
			);
			runOnlyForDeploymentPostprocessing = 0;
		};
/* End PBXSourcesBuildPhase section */

/* Begin PBXVariantGroup section */
		49569A971FAA689D0014BE07 /* Main.storyboard */ = {
			isa = PBXVariantGroup;
			children = (
				49569A981FAA689D0014BE07 /* Base */,
			);
			name = Main.storyboard;
			sourceTree = "<group>";
		};
		49569A9C1FAA689D0014BE07 /* LaunchScreen.storyboard */ = {
			isa = PBXVariantGroup;
			children = (
				49569A9D1FAA689D0014BE07 /* Base */,
			);
			name = LaunchScreen.storyboard;
			sourceTree = "<group>";
		};
/* End PBXVariantGroup section */

/* Begin XCBuildConfiguration section */
		49569AA01FAA689D0014BE07 /* Debug */ = {
			isa = XCBuildConfiguration;
			buildSettings = {
				ALWAYS_SEARCH_USER_PATHS = NO;
				CLANG_ANALYZER_NONNULL = YES;
				CLANG_ANALYZER_NUMBER_OBJECT_CONVERSION = YES_AGGRESSIVE;
				CLANG_CXX_LANGUAGE_STANDARD = "gnu++14";
				CLANG_CXX_LIBRARY = "libc++";
				CLANG_ENABLE_MODULES = YES;
				CLANG_ENABLE_OBJC_ARC = YES;
				CLANG_WARN_BLOCK_CAPTURE_AUTORELEASING = YES;
				CLANG_WARN_BOOL_CONVERSION = YES;
				CLANG_WARN_COMMA = YES;
				CLANG_WARN_CONSTANT_CONVERSION = YES;
				CLANG_WARN_DIRECT_OBJC_ISA_USAGE = YES_ERROR;
				CLANG_WARN_DOCUMENTATION_COMMENTS = YES;
				CLANG_WARN_EMPTY_BODY = YES;
				CLANG_WARN_ENUM_CONVERSION = YES;
				CLANG_WARN_INFINITE_RECURSION = YES;
				CLANG_WARN_INT_CONVERSION = YES;
				CLANG_WARN_NON_LITERAL_NULL_CONVERSION = YES;
				CLANG_WARN_OBJC_LITERAL_CONVERSION = YES;
				CLANG_WARN_OBJC_ROOT_CLASS = YES_ERROR;
				CLANG_WARN_RANGE_LOOP_ANALYSIS = YES;
				CLANG_WARN_STRICT_PROTOTYPES = YES;
				CLANG_WARN_SUSPICIOUS_MOVE = YES;
				CLANG_WARN_UNGUARDED_AVAILABILITY = YES_AGGRESSIVE;
				CLANG_WARN_UNREACHABLE_CODE = YES;
				CLANG_WARN__DUPLICATE_METHOD_MATCH = YES;
				CODE_SIGN_IDENTITY = "iPhone Developer";
				COPY_PHASE_STRIP = NO;
				DEBUG_INFORMATION_FORMAT = dwarf;
				ENABLE_STRICT_OBJC_MSGSEND = YES;
				ENABLE_TESTABILITY = YES;
				GCC_C_LANGUAGE_STANDARD = gnu11;
				GCC_DYNAMIC_NO_PIC = NO;
				GCC_NO_COMMON_BLOCKS = YES;
				GCC_OPTIMIZATION_LEVEL = 0;
				GCC_PREPROCESSOR_DEFINITIONS = (
					"DEBUG=1",
					"$(inherited)",
				);
				GCC_WARN_64_TO_32_BIT_CONVERSION = YES;
				GCC_WARN_ABOUT_RETURN_TYPE = YES_ERROR;
				GCC_WARN_UNDECLARED_SELECTOR = YES;
				GCC_WARN_UNINITIALIZED_AUTOS = YES_AGGRESSIVE;
				GCC_WARN_UNUSED_FUNCTION = YES;
				GCC_WARN_UNUSED_VARIABLE = YES;
				IPHONEOS_DEPLOYMENT_TARGET = 11.0;
				MTL_ENABLE_DEBUG_INFO = YES;
				ONLY_ACTIVE_ARCH = YES;
				SDKROOT = iphoneos;
				SWIFT_ACTIVE_COMPILATION_CONDITIONS = DEBUG;
				SWIFT_OPTIMIZATION_LEVEL = "-Onone";
			};
			name = Debug;
		};
		49569AA11FAA689D0014BE07 /* Release */ = {
			isa = XCBuildConfiguration;
			buildSettings = {
				ALWAYS_SEARCH_USER_PATHS = NO;
				CLANG_ANALYZER_NONNULL = YES;
				CLANG_ANALYZER_NUMBER_OBJECT_CONVERSION = YES_AGGRESSIVE;
				CLANG_CXX_LANGUAGE_STANDARD = "gnu++14";
				CLANG_CXX_LIBRARY = "libc++";
				CLANG_ENABLE_MODULES = YES;
				CLANG_ENABLE_OBJC_ARC = YES;
				CLANG_WARN_BLOCK_CAPTURE_AUTORELEASING = YES;
				CLANG_WARN_BOOL_CONVERSION = YES;
				CLANG_WARN_COMMA = YES;
				CLANG_WARN_CONSTANT_CONVERSION = YES;
				CLANG_WARN_DIRECT_OBJC_ISA_USAGE = YES_ERROR;
				CLANG_WARN_DOCUMENTATION_COMMENTS = YES;
				CLANG_WARN_EMPTY_BODY = YES;
				CLANG_WARN_ENUM_CONVERSION = YES;
				CLANG_WARN_INFINITE_RECURSION = YES;
				CLANG_WARN_INT_CONVERSION = YES;
				CLANG_WARN_NON_LITERAL_NULL_CONVERSION = YES;
				CLANG_WARN_OBJC_LITERAL_CONVERSION = YES;
				CLANG_WARN_OBJC_ROOT_CLASS = YES_ERROR;
				CLANG_WARN_RANGE_LOOP_ANALYSIS = YES;
				CLANG_WARN_STRICT_PROTOTYPES = YES;
				CLANG_WARN_SUSPICIOUS_MOVE = YES;
				CLANG_WARN_UNGUARDED_AVAILABILITY = YES_AGGRESSIVE;
				CLANG_WARN_UNREACHABLE_CODE = YES;
				CLANG_WARN__DUPLICATE_METHOD_MATCH = YES;
				CODE_SIGN_IDENTITY = "iPhone Developer";
				COPY_PHASE_STRIP = NO;
				DEBUG_INFORMATION_FORMAT = "dwarf-with-dsym";
				ENABLE_NS_ASSERTIONS = NO;
				ENABLE_STRICT_OBJC_MSGSEND = YES;
				GCC_C_LANGUAGE_STANDARD = gnu11;
				GCC_NO_COMMON_BLOCKS = YES;
				GCC_WARN_64_TO_32_BIT_CONVERSION = YES;
				GCC_WARN_ABOUT_RETURN_TYPE = YES_ERROR;
				GCC_WARN_UNDECLARED_SELECTOR = YES;
				GCC_WARN_UNINITIALIZED_AUTOS = YES_AGGRESSIVE;
				GCC_WARN_UNUSED_FUNCTION = YES;
				GCC_WARN_UNUSED_VARIABLE = YES;
				IPHONEOS_DEPLOYMENT_TARGET = 11.0;
				MTL_ENABLE_DEBUG_INFO = NO;
				SDKROOT = iphoneos;
				SWIFT_OPTIMIZATION_LEVEL = "-Owholemodule";
				VALIDATE_PRODUCT = YES;
			};
			name = Release;
		};
		49569AA31FAA689D0014BE07 /* Debug */ = {
			isa = XCBuildConfiguration;
			buildSettings = {
				ASSETCATALOG_COMPILER_APPICON_NAME = AppIcon;
				CODE_SIGN_STYLE = Automatic;
				DEVELOPMENT_TEAM = FX7KZ75KQ4;
				INFOPLIST_FILE = InTheAnimalWorld/Info.plist;
				LD_RUNPATH_SEARCH_PATHS = "$(inherited) @executable_path/Frameworks";
				PRODUCT_BUNDLE_IDENTIFIER = sergeygaponov.InTheAnimalWorld;
				PRODUCT_NAME = "$(TARGET_NAME)";
				SWIFT_VERSION = 4.0;
				TARGETED_DEVICE_FAMILY = "1,2";
			};
			name = Debug;
		};
		49569AA41FAA689D0014BE07 /* Release */ = {
			isa = XCBuildConfiguration;
			buildSettings = {
				ASSETCATALOG_COMPILER_APPICON_NAME = AppIcon;
				CODE_SIGN_STYLE = Automatic;
				DEVELOPMENT_TEAM = FX7KZ75KQ4;
				INFOPLIST_FILE = InTheAnimalWorld/Info.plist;
				LD_RUNPATH_SEARCH_PATHS = "$(inherited) @executable_path/Frameworks";
				PRODUCT_BUNDLE_IDENTIFIER = sergeygaponov.InTheAnimalWorld;
				PRODUCT_NAME = "$(TARGET_NAME)";
				SWIFT_VERSION = 4.0;
				TARGETED_DEVICE_FAMILY = "1,2";
			};
			name = Release;
		};
/* End XCBuildConfiguration section */

/* Begin XCConfigurationList section */
		49569A8B1FAA689C0014BE07 /* Build configuration list for PBXProject "InTheAnimalWorld" */ = {
			isa = XCConfigurationList;
			buildConfigurations = (
				49569AA01FAA689D0014BE07 /* Debug */,
				49569AA11FAA689D0014BE07 /* Release */,
			);
			defaultConfigurationIsVisible = 0;
			defaultConfigurationName = Release;
		};
		49569AA21FAA689D0014BE07 /* Build configuration list for PBXNativeTarget "InTheAnimalWorld" */ = {
			isa = XCConfigurationList;
			buildConfigurations = (
				49569AA31FAA689D0014BE07 /* Debug */,
				49569AA41FAA689D0014BE07 /* Release */,
			);
			defaultConfigurationIsVisible = 0;
			defaultConfigurationName = Release;
		};
/* End XCConfigurationList section */
	};
	rootObject = 49569A881FAA689C0014BE07 /* Project object */;
}
